
Microsoft Visual Studio Solution File, Format Version 12.00
# Visual Studio 15
Project("{FAE04EC0-301F-11D3-BF4B-00C04F79EFBC}") = "Assembly-CSharp", "Assembly-CSharp.csproj", "{FB050EFC-6530-7278-4F8D-ECBD224EF5CC}"
EndProject
Global
	GlobalSection(SolutionConfigurationPlatforms) = preSolution
		Debug|Any CPU = Debug|Any CPU
		Release|Any CPU = Release|Any CPU
	EndGlobalSection
	GlobalSection(ProjectConfigurationPlatforms) = postSolution
		{FB050EFC-6530-7278-4F8D-ECBD224EF5CC}.Debug|Any CPU.ActiveCfg = Debug|Any CPU
		{FB050EFC-6530-7278-4F8D-ECBD224EF5CC}.Debug|Any CPU.Build.0 = Debug|Any CPU
		{FB050EFC-6530-7278-4F8D-ECBD224EF5CC}.Release|Any CPU.ActiveCfg = Release|Any CPU
		{FB050EFC-6530-7278-4F8D-ECBD224EF5CC}.Release|Any CPU.Build.0 = Release|Any CPU
	EndGlobalSection
	GlobalSection(SolutionProperties) = preSolution
		HideSolutionNode = FALSE
	EndGlobalSection
EndGlobal
